# This file is automatically @generated by Poetry 2.0.1 and should not be changed by hand.

[[package]]
name = "dnspython"
version = "2.7.0"
description = "DNS toolkit"
optional = false
python-versions = ">=3.9"
groups = ["main"]
files = [
    {file = "dnspython-2.7.0-py3-none-any.whl", hash = "sha256:b4c34b7d10b51bcc3a5071e7b8dee77939f1e878477eeecc965e9835f63c6c86"},
    {file = "dnspython-2.7.0.tar.gz", hash = "sha256:ce9c432eda0dc91cf618a5cedf1a4e142651196bbcd2c80e89ed5a907e5cfaf1"},
]

[package.extras]
dev = ["black (>=23.1.0)", "coverage (>=7.0)", "flake8 (>=7)", "hypercorn (>=0.16.0)", "mypy (>=1.8)", "pylint (>=3)", "pytest (>=7.4)", "pytest-cov (>=4.1.0)", "quart-trio (>=0.11.0)", "sphinx (>=7.2.0)", "sphinx-rtd-theme (>=2.0.0)", "twine (>=4.0.0)", "wheel (>=0.42.0)"]
dnssec = ["cryptography (>=43)"]
doh = ["h2 (>=4.1.0)", "httpcore (>=1.0.0)", "httpx (>=0.26.0)"]
doq = ["aioquic (>=1.0.0)"]
idna = ["idna (>=3.7)"]
trio = ["trio (>=0.23)"]
wmi = ["wmi (>=1.5.1)"]

[[package]]
name = "faker"
version = "35.0.0"
description = "Faker is a Python package that generates fake data for you."
optional = false
python-versions = ">=3.8"
groups = ["main"]
files = [
    {file = "Faker-35.0.0-py3-none-any.whl", hash = "sha256:926d2301787220e0554c2e39afc4dc535ce4b0a8d0a089657137999f66334ef4"},
    {file = "faker-35.0.0.tar.gz", hash = "sha256:42f2da8cf561e38c72b25e9891168b1e25fec42b6b0b5b0b6cd6041da54af885"},
]

[package.dependencies]
python-dateutil = ">=2.4"
typing-extensions = "*"

[[package]]
name = "pymongo"
version = "10.10.10.10"
description = "Python driver for MongoDB <http://www.mongodb.org>"
optional = false
python-versions = ">=3.9"
groups = ["main"]
files = [
    {file = "pymongo-10.10.10.10-cp310-cp310-macosx_10_9_x86_64.whl", hash = "sha256:e70f39f3837335d86c80d5244a684faaf9682f5c1fcacdc7c1bedc588ad86ec1"},
    {file = "pymongo-10.10.10.10-cp310-cp310-macosx_11_0_arm64.whl", hash = "sha256:11581b44d4b1f6996694cba388c7a1c52060bf648b497381e097cf98e93a2e0f"},
    {file = "pymongo-10.10.10.10-cp310-cp310-manylinux_2_17_aarch64.manylinux2014_aarch64.whl", hash = "sha256:f3695e157e6c2e9a90e5dcbfb62822d8344c8d6ed9962948ece0540cf7f294f6"},
    {file = "pymongo-10.10.10.10-cp310-cp310-manylinux_2_17_x86_64.manylinux2014_x86_64.whl", hash = "sha256:d1bc570335763b8522b0e9670a68c10c3274410c57a2ed2b2a579aa013d6fada"},
    {file = "pymongo-10.10.10.10-cp310-cp310-manylinux_2_5_i686.manylinux1_i686.manylinux_2_17_i686.manylinux2014_i686.whl", hash = "sha256:1ad1dd19db896e5b663c592137c0413eb0e21659b0d1e1cee2b4bab6f160bf08"},
    {file = "pymongo-10.10.10.10-cp310-cp310-win32.whl", hash = "sha256:93f8b76afc70026494b8a35cd6b6d33f2ab620b67bab207d141f853cc829de8f"},
    {file = "pymongo-10.10.10.10-cp310-cp310-win_amd64.whl", hash = "sha256:19b3a793c5479dab394058180995091350f74f8f115fcda5d9796c3e5778d8b5"},
    {file = "pymongo-10.10.10.10-cp311-cp311-macosx_10_9_x86_64.whl", hash = "sha256:bdb6c6ab77c46703e2dc48d4bafd95c6c38cdac67fa4a384e106c491bb19ccff"},
    {file = "pymongo-10.10.10.10-cp311-cp311-macosx_11_0_arm64.whl", hash = "sha256:60ec44d902ad415584d36b9eedf028f69ecd8566f8238266dc4d476baf5289af"},
    {file = "pymongo-10.10.10.10-cp311-cp311-manylinux_2_17_aarch64.manylinux2014_aarch64.whl", hash = "sha256:e752b8211404a0df61642135e79cdad09b08490c3d5730d442af8e1fa756bc4a"},
    {file = "pymongo-10.10.10.10-cp311-cp311-manylinux_2_17_x86_64.manylinux2014_x86_64.whl", hash = "sha256:313aeccf3d12e706b4a0124fdb5c06c2b782f17b91428d8daa75429a499ff1a9"},
    {file = "pymongo-10.10.10.10-cp311-cp311-manylinux_2_5_i686.manylinux1_i686.manylinux_2_17_i686.manylinux2014_i686.whl", hash = "sha256:c550743326bda89be44d944859af5a08c41aae1bf809655f5086db62b3401c23"},
    {file = "pymongo-10.10.10.10-cp311-cp311-win32.whl", hash = "sha256:475c9bfdda8e01ded0c2432d4acc1a8d5450d919884773b7e2912c9dbae9d8f0"},
    {file = "pymongo-10.10.10.10-cp311-cp311-win_amd64.whl", hash = "sha256:993aac849ed07f9058158d8d709197f5193b7a28ce7a968435ef891ce27e7866"},
    {file = "pymongo-10.10.10.10-cp312-cp312-macosx_10_13_x86_64.whl", hash = "sha256:df36ed3262c15128f567b2002ffa4257da49e4ba76f95dda5e3092db67d61836"},
    {file = "pymongo-10.10.10.10-cp312-cp312-macosx_11_0_arm64.whl", hash = "sha256:e1939f57cd9ed3d0c0eeadbee47718859897a8467ddeaedcdbb400d47613d133"},
    {file = "pymongo-10.10.10.10-cp312-cp312-manylinux_2_17_aarch64.manylinux2014_aarch64.whl", hash = "sha256:b2dd965c506582b06f6983582640f65359347b37685636847aea8304b0cb7856"},
    {file = "pymongo-10.10.10.10-cp312-cp312-manylinux_2_17_x86_64.manylinux2014_x86_64.whl", hash = "sha256:a18aaecbad14223e2f846ecec750c9e124028da88dab0d9c9269465ea338aeb2"},
    {file = "pymongo-10.10.10.10-cp312-cp312-manylinux_2_5_i686.manylinux1_i686.manylinux_2_17_i686.manylinux2014_i686.whl", hash = "sha256:98f06a0d06711ce2cdba9b03366363b6f496db207c311aae4d72eb1fa6f00343"},
    {file = "pymongo-10.10.10.10-cp312-cp312-win32.whl", hash = "sha256:b2947280e5e085b6a97776ebedaa3c2eab8baffe65f2e0958cb4fd748ad8ccc6"},
    {file = "pymongo-10.10.10.10-cp312-cp312-win_amd64.whl", hash = "sha256:6d77b8dcfd433d7b6af23b31efbb844ceb7063e4f1b5009d88a7aed5f310b977"},
    {file = "pymongo-10.10.10.10-cp313-cp313-macosx_10_13_x86_64.whl", hash = "sha256:37dec96b876352c8dcfc90cbe9728630aaee23cf61672f568d5c12a56e84981a"},
    {file = "pymongo-10.10.10.10-cp313-cp313-macosx_11_0_arm64.whl", hash = "sha256:31c5321cfaf54b473866d847d723bb592c06b9ef180059fb01e96baf734d348e"},
    {file = "pymongo-10.10.10.10-cp313-cp313-manylinux_2_17_aarch64.manylinux2014_aarch64.whl", hash = "sha256:2e89e1a935bfed820ed449782114e03cb6c7794b24043f7bbea3e9c8aec1f045"},
    {file = "pymongo-10.10.10.10-cp313-cp313-manylinux_2_17_x86_64.manylinux2014_x86_64.whl", hash = "sha256:1551460c8b01ac47ea7d792ec7f24643b4f2eb5ad268e55a847fe3b05042042a"},
    {file = "pymongo-10.10.10.10-cp313-cp313-manylinux_2_5_i686.manylinux1_i686.manylinux_2_17_i686.manylinux2014_i686.whl", hash = "sha256:40c4c25cb39b2f825829755a179f1e10042e37917f1d7083aba075abdbbba534"},
    {file = "pymongo-10.10.10.10-cp313-cp313-win32.whl", hash = "sha256:61e1293bec9dc3bff715a64bc916f596f1692e721be4ea731d28d7c39e5b94bc"},
    {file = "pymongo-10.10.10.10-cp313-cp313-win_amd64.whl", hash = "sha256:7b0028ab6046500502068f7e34420bbffbd2e3107f564002bf441f288a481f57"},
    {file = "pymongo-10.10.10.10-cp313-cp313t-macosx_10_13_x86_64.whl", hash = "sha256:761f2c6016b5f2f8b73f80067f3b0f645310ff4e320f66af151babfae340ddeb"},
    {file = "pymongo-10.10.10.10-cp313-cp313t-macosx_11_0_arm64.whl", hash = "sha256:feff3e7cd2be23eba54eef6347e18c0533525351fd48155c68360551faebaede"},
    {file = "pymongo-10.10.10.10-cp313-cp313t-manylinux_2_17_aarch64.manylinux2014_aarch64.whl", hash = "sha256:15738d03a72f5b1725a19bde7044948aeb4ecea99b6c8310462a80b0f69fd09e"},
    {file = "pymongo-10.10.10.10-cp313-cp313t-manylinux_2_17_x86_64.manylinux2014_x86_64.whl", hash = "sha256:714765d804e0184b92580a1af6656330a265424764ed5c8907543001f5324d6f"},
    {file = "pymongo-10.10.10.10-cp313-cp313t-manylinux_2_5_i686.manylinux1_i686.manylinux_2_17_i686.manylinux2014_i686.whl", hash = "sha256:1a623d0450783ff7ae6ecd892dd51a82774fdca6252a7e119d612dadbbe30f69"},
    {file = "pymongo-10.10.10.10-cp313-cp313t-win32.whl", hash = "sha256:4dc0b5bf07a53a5e2612bf6bf37b626d3082cbcf91a7770b17a764eccd721af4"},
    {file = "pymongo-10.10.10.10-cp313-cp313t-win_amd64.whl", hash = "sha256:6856f2286ea73fce9091a8fe17464177840a784b207d31d891824448176f2e0b"},
    {file = "pymongo-10.10.10.10-cp39-cp39-macosx_10_9_x86_64.whl", hash = "sha256:819fa69c4157fcbaae4caf62d29d6d0cf17c97b0f5eb3ec8288e3d3d7ec3c512"},
    {file = "pymongo-10.10.10.10-cp39-cp39-macosx_11_0_arm64.whl", hash = "sha256:82ce0d825d33aeaa142561d949c8f86eda43a1077373a597c9caf36eacd757ed"},
    {file = "pymongo-10.10.10.10-cp39-cp39-manylinux_2_17_aarch64.manylinux2014_aarch64.whl", hash = "sha256:07ed7e39f623a06025d71c48204edf820157982ebaa79b524b38b6a0c83dcb60"},
    {file = "pymongo-10.10.10.10-cp39-cp39-manylinux_2_17_x86_64.manylinux2014_x86_64.whl", hash = "sha256:ef56d66c7ac4dcb6617ce64a93246b89090804f6fff1e4593c27a39bb3558e35"},
    {file = "pymongo-10.10.10.10-cp39-cp39-manylinux_2_5_i686.manylinux1_i686.manylinux_2_17_i686.manylinux2014_i686.whl", hash = "sha256:f489eab8f6c534300593dd19fd1291269d0756e8f7e80d2b7b30d6400c2f3677"},
    {file = "pymongo-10.10.10.10-cp39-cp39-manylinux_2_5_i686.manylinux1_i686.whl", hash = "sha256:a83e2b0334dc2a35e491c92d2f50f927b8d8b68d44a8aa688617def68ea54cbd"},
    {file = "pymongo-10.10.10.10-cp39-cp39-manylinux_2_5_x86_64.manylinux1_x86_64.whl", hash = "sha256:e14db3a7433dc38a2923e1c2c19ed7ca1f508f0095a54e686ce82a2b0208ff17"},
    {file = "pymongo-10.10.10.10-cp39-cp39-win32.whl", hash = "sha256:7da0fe4ee63c03308e05795d84975934697bb4b307de9f48eb03f8f809e3b76e"},
    {file = "pymongo-10.10.10.10-cp39-cp39-win_amd64.whl", hash = "sha256:9c2e9ea5c0b9fa0a4e3341db2a8dc9a957493431a20e4790345bf80fce89be98"},
    {file = "pymongo-10.10.10.10.tar.gz", hash = "sha256:6e49aca96d7ce4d71ea70ee6e5dd8aab3507a172f7585699052193cb4f981bff"},
]

[package.dependencies]
dnspython = ">=1.16.0,<3.0.0"

[package.extras]
aws = ["pymongo-auth-aws (>=1.1.0,<2.0.0)"]
docs = ["furo (==2024.8.6)", "readthedocs-sphinx-search (>=0.3,<1.0)", "sphinx (>=5.3,<9)", "sphinx-autobuild (>=2020.9.1)", "sphinx-rtd-theme (>=2,<4)", "sphinxcontrib-shellcheck (>=1,<2)"]
encryption = ["certifi", "pymongo-auth-aws (>=1.1.0,<2.0.0)", "pymongocrypt (>=1.12.0,<2.0.0)"]
gssapi = ["pykerberos", "winkerberos (>=0.5.0)"]
ocsp = ["certifi", "cryptography (>=2.5)", "pyopenssl (>=17.2.0)", "requests (<3.0.0)", "service-identity (>=18.1.0)"]
snappy = ["python-snappy"]
test = ["pytest (>=8.2)", "pytest-asyncio (>=0.24.0)"]
zstd = ["zstandard"]

[[package]]
name = "python-dateutil"
version = "2.9.0.post0"
description = "Extensions to the standard Python datetime module"
optional = false
python-versions = "!=3.0.*,!=3.1.*,!=3.2.*,>=2.7"
groups = ["main"]
files = [
    {file = "python-dateutil-2.9.0.post0.tar.gz", hash = "sha256:37dd54208da7e1cd875388217d5e00ebd4179249f90fb72437e91a35459a0ad3"},
    {file = "python_dateutil-2.9.0.post0-py2.py3-none-any.whl", hash = "sha256:a8b2bc7bffae282281c8140a97d3aa9c14da0b136dfe83f850eea9a5f7470427"},
]

[package.dependencies]
six = ">=1.5"

[[package]]
name = "python-dotenv"
version = "1.0.1"
description = "Read key-value pairs from a .env file and set them as environment variables"
optional = false
python-versions = ">=3.8"
groups = ["main"]
files = [
    {file = "python-dotenv-1.0.1.tar.gz", hash = "sha256:e324ee90a023d808f1959c46bcbc04446a10ced277783dc6ee09987c37ec10ca"},
    {file = "python_dotenv-1.0.1-py3-none-any.whl", hash = "sha256:f7b63ef50f1b690dddf550d03497b66d609393b40b564ed0d674909a68ebf16a"},
]

[package.extras]
cli = ["click (>=5.0)"]

[[package]]
name = "six"
version = "1.17.0"
description = "Python 2 and 3 compatibility utilities"
optional = false
python-versions = "!=3.0.*,!=3.1.*,!=3.2.*,>=2.7"
groups = ["main"]
files = [
    {file = "six-1.17.0-py2.py3-none-any.whl", hash = "sha256:4721f391ed90541fddacab5acf947aa0d3dc7d27b2e1e8eda2be8970586c3274"},
    {file = "six-1.17.0.tar.gz", hash = "sha256:ff70335d468e7eb6ec65b95b99d3a2836546063f63acc5171de367e834932a81"},
]

[[package]]
name = "typing-extensions"
version = "4.12.2"
description = "Backported and Experimental Type Hints for Python 3.8+"
optional = false
python-versions = ">=3.8"
groups = ["main"]
files = [
    {file = "typing_extensions-4.12.2-py3-none-any.whl", hash = "sha256:04e5ca0351e0f3f85c6853954072df659d0d13fac324d0072316b67d7794700d"},
    {file = "typing_extensions-4.12.2.tar.gz", hash = "sha256:1a7ead55c7e559dd4dee8856e3a88b41225abfe1ce8df57b7c13915fe121ffb8"},
]

[metadata]
lock-version = "2.1"
python-versions = "3.12.8"
content-hash = "a71eeda7e0284decb5f622fda395de7f57537f3e3a428e0a62b95b76c65f46d1"
